<Solution>
  <Folder Name="/src/">
    <Project Path="src/Blun.MultiRaft/Blun.MultiRaft.csproj" />
    <Project Path="src/Blun.MultiRaft.Wal/Blun.MultiRaft.Wal.csproj" />
    <Project Path="src/Blun.MultiRaft.Grpc/Blun.MultiRaft.Grpc.csproj" />
  </Folder>
  <Folder Name="/test/">
    <Project Path="test/Blun.MultiRaft.Tests/Blun.MultiRaft.Tests.csproj" />
    <Project Path="test/Blun.MultiRaft.AotProbe/Blun.MultiRaft.AotProbe.csproj" />
  </Folder>
  <Folder Name="/benchmark/">
    <Project Path="benchmark/Blun.MultiRaft.Benchmarks/Blun.MultiRaft.Benchmarks.csproj" />
  </Folder>
  <Folder Name="/demo/">
    <Project Path="demo/Blun.MultiRaft.Node/Blun.MultiRaft.Node.csproj" />
    <Project Path="demo/Blun.MultiRaft.Observer/Blun.MultiRaft.Observer.csproj" />
    <Project Path="demo/Blun.MultiRaft.AppHost/Blun.MultiRaft.AppHost.csproj" />
  </Folder>
</Solution>
